
Microsoft Visual Studio Solution File, Format Version 12.00
# Visual Studio 2012
Project("{2150E333-8FDC-42A3-9474-1A3956D46DE8}") = "Solution Items", "Solution Items", "{27D14522-B416-4BF9-868A-4E5FA5C3AB61}"
	ProjectSection(SolutionItems) = preProject
		Local.testsettings = Local.testsettings
		SmartAudioCityGuide.vsmdi = SmartAudioCityGuide.vsmdi
		TraceAndTestImpact.testsettings = TraceAndTestImpact.testsettings
	EndProjectSection
EndProject
Project("{FAE04EC0-301F-11D3-BF4B-00C04F79EFBC}") = "SmartAudioCityGuide", "SmartAudioCityGuide\SmartAudioCityGuide.csproj", "{DF3B006A-DD9F-47E6-BCC8-8DC5B118949A}"
EndProject
Project("{FAE04EC0-301F-11D3-BF4B-00C04F79EFBC}") = "SmartAudioCityGuide.Test", "SmartAudioCityGuide.Test\SmartAudioCityGuide.Test.csproj", "{351BB30C-EB50-4493-A80E-9DC50CF73640}"
EndProject
Global
	GlobalSection(TestCaseManagementSettings) = postSolution
		CategoryFile = SmartAudioCityGuide.vsmdi
	EndGlobalSection
	GlobalSection(SolutionConfigurationPlatforms) = preSolution
		Debug|Any CPU = Debug|Any CPU
		Release|Any CPU = Release|Any CPU
	EndGlobalSection
	GlobalSection(ProjectConfigurationPlatforms) = postSolution
		{DF3B006A-DD9F-47E6-BCC8-8DC5B118949A}.Debug|Any CPU.ActiveCfg = Debug|Any CPU
		{DF3B006A-DD9F-47E6-BCC8-8DC5B118949A}.Debug|Any CPU.Build.0 = Debug|Any CPU
		{DF3B006A-DD9F-47E6-BCC8-8DC5B118949A}.Release|Any CPU.ActiveCfg = Release|Any CPU
		{DF3B006A-DD9F-47E6-BCC8-8DC5B118949A}.Release|Any CPU.Build.0 = Release|Any CPU
		{351BB30C-EB50-4493-A80E-9DC50CF73640}.Debug|Any CPU.ActiveCfg = Debug|Any CPU
		{351BB30C-EB50-4493-A80E-9DC50CF73640}.Debug|Any CPU.Build.0 = Debug|Any CPU
		{351BB30C-EB50-4493-A80E-9DC50CF73640}.Release|Any CPU.ActiveCfg = Release|Any CPU
		{351BB30C-EB50-4493-A80E-9DC50CF73640}.Release|Any CPU.Build.0 = Release|Any CPU
	EndGlobalSection
	GlobalSection(SolutionProperties) = preSolution
		HideSolutionNode = FALSE
	EndGlobalSection
	GlobalSection(SubversionScc) = preSolution
		Svn-Managed = True
		Manager = AnkhSVN - Subversion Support for Visual Studio
	EndGlobalSection
EndGlobal
